
Microsoft Visual Studio Solution File, Format Version 12.00
# Visual Studio Version 16
VisualStudioVersion = 16.0.29306.81
MinimumVisualStudioVersion = 10.0.40219.1
Project("{FAE04EC0-301F-11D3-BF4B-00C04F79EFBC}") = "TBG.Core", "TBG.Core\TBG.Core.csproj", "{59679B19-1B82-42D2-A981-EDCDEC8E9C26}"
EndProject
Project("{FAE04EC0-301F-11D3-BF4B-00C04F79EFBC}") = "TBG.UI", "TBG.UI\TBG.UI.csproj", "{F36E4FE2-DA39-4CBB-A078-79370B880F0D}"
EndProject
Project("{FAE04EC0-301F-11D3-BF4B-00C04F79EFBC}") = "TBG.Data", "TBG.Data\TBG.Data.csproj", "{756D3119-1BAA-4356-8706-CF8B6907F9EE}"
EndProject
Project("{FAE04EC0-301F-11D3-BF4B-00C04F79EFBC}") = "TBG.Business", "TBG.Business\TBG.Business.csproj", "{8B1598FB-7FFB-4F70-8491-27139744C476}"
EndProject
Project("{FAE04EC0-301F-11D3-BF4B-00C04F79EFBC}") = "TBG.Driver", "TBG.Driver\TBG.Driver.csproj", "{44220EC8-D52F-4021-881F-D5BD81D2C578}"
EndProject
Project("{FAE04EC0-301F-11D3-BF4B-00C04F79EFBC}") = "TBG.UnitTests", "TBG.UnitTests\TBG.UnitTests.csproj", "{50EF8F91-AC0C-4904-ABC2-9C49F617411D}"
EndProject
Global
	GlobalSection(SolutionConfigurationPlatforms) = preSolution
		Debug|Any CPU = Debug|Any CPU
		Release|Any CPU = Release|Any CPU
	EndGlobalSection
	GlobalSection(ProjectConfigurationPlatforms) = postSolution
		{59679B19-1B82-42D2-A981-EDCDEC8E9C26}.Debug|Any CPU.ActiveCfg = Debug|Any CPU
		{59679B19-1B82-42D2-A981-EDCDEC8E9C26}.Debug|Any CPU.Build.0 = Debug|Any CPU
		{59679B19-1B82-42D2-A981-EDCDEC8E9C26}.Release|Any CPU.ActiveCfg = Release|Any CPU
		{59679B19-1B82-42D2-A981-EDCDEC8E9C26}.Release|Any CPU.Build.0 = Release|Any CPU
		{F36E4FE2-DA39-4CBB-A078-79370B880F0D}.Debug|Any CPU.ActiveCfg = Debug|Any CPU
		{F36E4FE2-DA39-4CBB-A078-79370B880F0D}.Debug|Any CPU.Build.0 = Debug|Any CPU
		{F36E4FE2-DA39-4CBB-A078-79370B880F0D}.Release|Any CPU.ActiveCfg = Release|Any CPU
		{F36E4FE2-DA39-4CBB-A078-79370B880F0D}.Release|Any CPU.Build.0 = Release|Any CPU
		{756D3119-1BAA-4356-8706-CF8B6907F9EE}.Debug|Any CPU.ActiveCfg = Debug|Any CPU
		{756D3119-1BAA-4356-8706-CF8B6907F9EE}.Debug|Any CPU.Build.0 = Debug|Any CPU
		{756D3119-1BAA-4356-8706-CF8B6907F9EE}.Release|Any CPU.ActiveCfg = Release|Any CPU
		{756D3119-1BAA-4356-8706-CF8B6907F9EE}.Release|Any CPU.Build.0 = Release|Any CPU
		{8B1598FB-7FFB-4F70-8491-27139744C476}.Debug|Any CPU.ActiveCfg = Debug|Any CPU
		{8B1598FB-7FFB-4F70-8491-27139744C476}.Debug|Any CPU.Build.0 = Debug|Any CPU
		{8B1598FB-7FFB-4F70-8491-27139744C476}.Release|Any CPU.ActiveCfg = Release|Any CPU
		{8B1598FB-7FFB-4F70-8491-27139744C476}.Release|Any CPU.Build.0 = Release|Any CPU
		{44220EC8-D52F-4021-881F-D5BD81D2C578}.Debug|Any CPU.ActiveCfg = Debug|Any CPU
		{44220EC8-D52F-4021-881F-D5BD81D2C578}.Debug|Any CPU.Build.0 = Debug|Any CPU
		{44220EC8-D52F-4021-881F-D5BD81D2C578}.Release|Any CPU.ActiveCfg = Release|Any CPU
		{44220EC8-D52F-4021-881F-D5BD81D2C578}.Release|Any CPU.Build.0 = Release|Any CPU
		{50EF8F91-AC0C-4904-ABC2-9C49F617411D}.Debug|Any CPU.ActiveCfg = Debug|Any CPU
		{50EF8F91-AC0C-4904-ABC2-9C49F617411D}.Debug|Any CPU.Build.0 = Debug|Any CPU
		{50EF8F91-AC0C-4904-ABC2-9C49F617411D}.Release|Any CPU.ActiveCfg = Release|Any CPU
		{50EF8F91-AC0C-4904-ABC2-9C49F617411D}.Release|Any CPU.Build.0 = Release|Any CPU
	EndGlobalSection
	GlobalSection(SolutionProperties) = preSolution
		HideSolutionNode = FALSE
	EndGlobalSection
	GlobalSection(ExtensibilityGlobals) = postSolution
		SolutionGuid = {B8859E9A-6590-47AB-BC0E-00053D1BA08C}
	EndGlobalSection
EndGlobal
